{
  "name": "examples-nodejs",
  "lockfileVersion": 3,
  "requires": true,
  "packages": {
    "": {
      "license": "MIT",
      "dependencies": {
        "face-api.js": "../../"
      },
      "devDependencies": {
        "@types/node": "^20.6.4",
        "tslib": "^2.6.2"
      }
    },
    "../..": {
      "version": "0.22.2",
      "license": "MIT",
      "dependencies": {
        "@tensorflow/tfjs-core": "1.7.0",
        "tslib": "^1.11.1"
      },
      "devDependencies": {
        "@tensorflow/tfjs-node": "1.7.0",
        "@types/jasmine": "^3.5.9",
        "@types/node": "^13.9.2",
        "canvas": "2.6.1",
        "jasmine": "^3.5.0",
        "jasmine-core": "^3.5.0",
        "karma": "^4.4.1",
        "karma-chrome-launcher": "^3.1.0",
        "karma-jasmine": "^3.1.1",
        "karma-typescript": "^5.0.1",
        "rollup": "^2.1.0",
        "rollup-plugin-commonjs": "^10.1.0",
        "rollup-plugin-node-resolve": "^5.2.0",
        "rollup-plugin-typescript2": "^0.26.0",
        "rollup-plugin-uglify": "^6.0.4",
        "ts-node": "^8.7.0",
        "typescript": "^3.8.3"
      }
    },
    "node_modules/@types/node": {
      "version": "20.6.4",
      "resolved": "https://registry.npmjs.org/@types/node/-/node-20.6.4.tgz",
      "integrity": "sha512-nU6d9MPY0NBUMiE/nXd2IIoC4OLvsLpwAjheoAeuzgvDZA1Cb10QYg+91AF6zQiKWRN5i1m07x6sMe0niBznoQ==",
      "dev": true
    },
    "node_modules/face-api.js": {
      "resolved": "../..",
      "link": true
    },
    "node_modules/tslib": {
      "version": "2.6.2",
      "resolved": "https://registry.npmjs.org/tslib/-/tslib-2.6.2.tgz",
      "integrity": "sha512-AEYxH93jGFPn/a2iVAwW87VuUIkR1FVUKB77NwMF7nBTDkDrrT/Hpt/IrCJ0QXhW27jTBDcf5ZY7w6RiqTMw2Q==",
      "dev": true
    }
  }
}
